// !$*UTF8*$!
{
	archiveVersion = 1;
	classes = {
	};
	objectVersion = 50;
	objects = {

/* Begin PBXBuildFile section */
		0EE38F1BE32D090B9E4609B7 /* Pods_SmartDashboard.framework in Frameworks */ = {isa = PBXBuildFile; fileRef = EA6C34BF5B789150E94F9114 /* Pods_SmartDashboard.framework */; };
		CBF5BC3E21B5D9B5005321E4 /* AppDelegate.swift in Sources */ = {isa = PBXBuildFile; fileRef = CBF5BC3D21B5D9B5005321E4 /* AppDelegate.swift */; };
		CBF5BC4021B5D9B5005321E4 /* ViewController.swift in Sources */ = {isa = PBXBuildFile; fileRef = CBF5BC3F21B5D9B5005321E4 /* ViewController.swift */; };
		CBF5BC4321B5D9B5005321E4 /* Main.storyboard in Resources */ = {isa = PBXBuildFile; fileRef = CBF5BC4121B5D9B5005321E4 /* Main.storyboard */; };
		CBF5BC4521B5D9B8005321E4 /* Assets.xcassets in Resources */ = {isa = PBXBuildFile; fileRef = CBF5BC4421B5D9B8005321E4 /* Assets.xcassets */; };
/* End PBXBuildFile section */

/* Begin PBXFileReference section */
		59D32E5DC1A7CF5E63CEAE19 /* Pods-SmartDashboard.release.xcconfig */ = {isa = PBXFileReference; includeInIndex = 1; lastKnownFileType = text.xcconfig; name = "Pods-SmartDashboard.release.xcconfig"; path = "Pods/Target Support Files/Pods-SmartDashboard/Pods-SmartDashboard.release.xcconfig"; sourceTree = "<group>"; };
		8E247E6DF5F36FB704983DF7 /* Pods-SmartDashboard.debug.xcconfig */ = {isa = PBXFileReference; includeInIndex = 1; lastKnownFileType = text.xcconfig; name = "Pods-SmartDashboard.debug.xcconfig"; path = "Pods/Target Support Files/Pods-SmartDashboard/Pods-SmartDashboard.debug.xcconfig"; sourceTree = "<group>"; };
		CBF5BC3A21B5D9B5005321E4 /* SmartDashboard.app */ = {isa = PBXFileReference; explicitFileType = wrapper.application; includeInIndex = 0; path = SmartDashboard.app; sourceTree = BUILT_PRODUCTS_DIR; };
		CBF5BC3D21B5D9B5005321E4 /* AppDelegate.swift */ = {isa = PBXFileReference; lastKnownFileType = sourcecode.swift; path = AppDelegate.swift; sourceTree = "<group>"; };
		CBF5BC3F21B5D9B5005321E4 /* ViewController.swift */ = {isa = PBXFileReference; lastKnownFileType = sourcecode.swift; path = ViewController.swift; sourceTree = "<group>"; };
		CBF5BC4221B5D9B5005321E4 /* Base */ = {isa = PBXFileReference; lastKnownFileType = file.storyboard; name = Base; path = Base.lproj/Main.storyboard; sourceTree = "<group>"; };
		CBF5BC4421B5D9B8005321E4 /* Assets.xcassets */ = {isa = PBXFileReference; lastKnownFileType = folder.assetcatalog; path = Assets.xcassets; sourceTree = "<group>"; };
		CBF5BC4621B5D9B8005321E4 /* Info.plist */ = {isa = PBXFileReference; lastKnownFileType = text.plist.xml; path = Info.plist; sourceTree = "<group>"; };
		EA6C34BF5B789150E94F9114 /* Pods_SmartDashboard.framework */ = {isa = PBXFileReference; explicitFileType = wrapper.framework; includeInIndex = 0; path = Pods_SmartDashboard.framework; sourceTree = BUILT_PRODUCTS_DIR; };
/* End PBXFileReference section */

/* Begin PBXFrameworksBuildPhase section */
		CBF5BC3721B5D9B5005321E4 /* Frameworks */ = {
			isa = PBXFrameworksBuildPhase;
			buildActionMask = 2147483647;
			files = (
				0EE38F1BE32D090B9E4609B7 /* Pods_SmartDashboard.framework in Frameworks */,
			);
			runOnlyForDeploymentPostprocessing = 0;
		};
/* End PBXFrameworksBuildPhase section */

/* Begin PBXGroup section */
		222D6C1B29DAFA4C1A2D24BE /* Pods */ = {
			isa = PBXGroup;
			children = (
				8E247E6DF5F36FB704983DF7 /* Pods-SmartDashboard.debug.xcconfig */,
				59D32E5DC1A7CF5E63CEAE19 /* Pods-SmartDashboard.release.xcconfig */,
			);
			name = Pods;
			sourceTree = "<group>";
		};
		CBF5BC3121B5D9B5005321E4 = {
			isa = PBXGroup;
			children = (
				CBF5BC3C21B5D9B5005321E4 /* SmartDashboard */,
				CBF5BC3B21B5D9B5005321E4 /* Products */,
				222D6C1B29DAFA4C1A2D24BE /* Pods */,
				EE8192CE8CC62FE2228C0C05 /* Frameworks */,
			);
			sourceTree = "<group>";
		};
		CBF5BC3B21B5D9B5005321E4 /* Products */ = {
			isa = PBXGroup;
			children = (
				CBF5BC3A21B5D9B5005321E4 /* SmartDashboard.app */,
			);
			name = Products;
			sourceTree = "<group>";
		};
		CBF5BC3C21B5D9B5005321E4 /* SmartDashboard */ = {
			isa = PBXGroup;
			children = (
				CBF5BC3D21B5D9B5005321E4 /* AppDelegate.swift */,
				CBF5BC3F21B5D9B5005321E4 /* ViewController.swift */,
				CBF5BC4121B5D9B5005321E4 /* Main.storyboard */,
				CBF5BC4421B5D9B8005321E4 /* Assets.xcassets */,
				CBF5BC4621B5D9B8005321E4 /* Info.plist */,
			);
			path = SmartDashboard;
			sourceTree = "<group>";
		};
		EE8192CE8CC62FE2228C0C05 /* Frameworks */ = {
			isa = PBXGroup;
			children = (
				EA6C34BF5B789150E94F9114 /* Pods_SmartDashboard.framework */,
			);
			name = Frameworks;
			sourceTree = "<group>";
		};
/* End PBXGroup section */

/* Begin PBXNativeTarget section */
		CBF5BC3921B5D9B5005321E4 /* SmartDashboard */ = {
			isa = PBXNativeTarget;
			buildConfigurationList = CBF5BC4921B5D9B8005321E4 /* Build configuration list for PBXNativeTarget "SmartDashboard" */;
			buildPhases = (
				4469FA8E8EB1B41F969E311D /* [CP] Check Pods Manifest.lock */,
				CBF5BC3621B5D9B5005321E4 /* Sources */,
				CBF5BC3721B5D9B5005321E4 /* Frameworks */,
				CBF5BC3821B5D9B5005321E4 /* Resources */,
				E89E0B8BCC98A0B1B7854729 /* [CP] Embed Pods Frameworks */,
			);
			buildRules = (
			);
			dependencies = (
			);
			name = SmartDashboard;
			productName = SmartDashboard;
			productReference = CBF5BC3A21B5D9B5005321E4 /* SmartDashboard.app */;
			productType = "com.apple.product-type.application";
		};
/* End PBXNativeTarget section */

/* Begin PBXProject section */
		CBF5BC3221B5D9B5005321E4 /* Project object */ = {
			isa = PBXProject;
			attributes = {
				LastSwiftUpdateCheck = 1010;
				LastUpgradeCheck = 1010;
				ORGANIZATIONNAME = "Benjamin Budet";
				TargetAttributes = {
					CBF5BC3921B5D9B5005321E4 = {
						CreatedOnToolsVersion = 10.1;
					};
				};
			};
			buildConfigurationList = CBF5BC3521B5D9B5005321E4 /* Build configuration list for PBXProject "SmartDashboard" */;
			compatibilityVersion = "Xcode 9.3";
			developmentRegion = en;
			hasScannedForEncodings = 0;
			knownRegions = (
				en,
				Base,
			);
			mainGroup = CBF5BC3121B5D9B5005321E4;
			productRefGroup = CBF5BC3B21B5D9B5005321E4 /* Products */;
			projectDirPath = "";
			projectRoot = "";
			targets = (
				CBF5BC3921B5D9B5005321E4 /* SmartDashboard */,
			);
		};
/* End PBXProject section */

/* Begin PBXResourcesBuildPhase section */
		CBF5BC3821B5D9B5005321E4 /* Resources */ = {
			isa = PBXResourcesBuildPhase;
			buildActionMask = 2147483647;
			files = (
				CBF5BC4521B5D9B8005321E4 /* Assets.xcassets in Resources */,
				CBF5BC4321B5D9B5005321E4 /* Main.storyboard in Resources */,
			);
			runOnlyForDeploymentPostprocessing = 0;
		};
/* End PBXResourcesBuildPhase section */

/* Begin PBXShellScriptBuildPhase section */
		4469FA8E8EB1B41F969E311D /* [CP] Check Pods Manifest.lock */ = {
			isa = PBXShellScriptBuildPhase;
			buildActionMask = 2147483647;
			files = (
			);
			inputFileListPaths = (
			);
			inputPaths = (
				"${PODS_PODFILE_DIR_PATH}/Podfile.lock",
				"${PODS_ROOT}/Manifest.lock",
			);
			name = "[CP] Check Pods Manifest.lock";
			outputFileListPaths = (
			);
			outputPaths = (
				"$(DERIVED_FILE_DIR)/Pods-SmartDashboard-checkManifestLockResult.txt",
			);
			runOnlyForDeploymentPostprocessing = 0;
			shellPath = /bin/sh;
			shellScript = "diff \"${PODS_PODFILE_DIR_PATH}/Podfile.lock\" \"${PODS_ROOT}/Manifest.lock\" > /dev/null\nif [ $? != 0 ] ; then\n    # print error to STDERR\n    echo \"error: The sandbox is not in sync with the Podfile.lock. Run 'pod install' or update your CocoaPods installation.\" >&2\n    exit 1\nfi\n# This output is used by Xcode 'outputs' to avoid re-running this script phase.\necho \"SUCCESS\" > \"${SCRIPT_OUTPUT_FILE_0}\"\n";
			showEnvVarsInLog = 0;
		};
		E89E0B8BCC98A0B1B7854729 /* [CP] Embed Pods Frameworks */ = {
			isa = PBXShellScriptBuildPhase;
			buildActionMask = 2147483647;
			files = (
			);
			inputFileListPaths = (
			);
			inputPaths = (
				"${SRCROOT}/Pods/Target Support Files/Pods-SmartDashboard/Pods-SmartDashboard-frameworks.sh",
				"${BUILT_PRODUCTS_DIR}/Alamofire/Alamofire.framework",
				"${BUILT_PRODUCTS_DIR}/AlamofireImage/AlamofireImage.framework",
			);
			name = "[CP] Embed Pods Frameworks";
			outputFileListPaths = (
			);
			outputPaths = (
				"${TARGET_BUILD_DIR}/${FRAMEWORKS_FOLDER_PATH}/Alamofire.framework",
				"${TARGET_BUILD_DIR}/${FRAMEWORKS_FOLDER_PATH}/AlamofireImage.framework",
			);
			runOnlyForDeploymentPostprocessing = 0;
			shellPath = /bin/sh;
			shellScript = "\"${SRCROOT}/Pods/Target Support Files/Pods-SmartDashboard/Pods-SmartDashboard-frameworks.sh\"\n";
			showEnvVarsInLog = 0;
		};
/* End PBXShellScriptBuildPhase section */

/* Begin PBXSourcesBuildPhase section */
		CBF5BC3621B5D9B5005321E4 /* Sources */ = {
			isa = PBXSourcesBuildPhase;
			buildActionMask = 2147483647;
			files = (
				CBF5BC4021B5D9B5005321E4 /* ViewController.swift in Sources */,
				CBF5BC3E21B5D9B5005321E4 /* AppDelegate.swift in Sources */,
			);
			runOnlyForDeploymentPostprocessing = 0;
		};
/* End PBXSourcesBuildPhase section */

/* Begin PBXVariantGroup section */
		CBF5BC4121B5D9B5005321E4 /* Main.storyboard */ = {
			isa = PBXVariantGroup;
			children = (
				CBF5BC4221B5D9B5005321E4 /* Base */,
			);
			name = Main.storyboard;
			sourceTree = "<group>";
		};
/* End PBXVariantGroup section */

/* Begin XCBuildConfiguration section */
		CBF5BC4721B5D9B8005321E4 /* Debug */ = {
			isa = XCBuildConfiguration;
			buildSettings = {
				ALWAYS_SEARCH_USER_PATHS = NO;
				CLANG_ANALYZER_NONNULL = YES;
				CLANG_ANALYZER_NUMBER_OBJECT_CONVERSION = YES_AGGRESSIVE;
				CLANG_CXX_LANGUAGE_STANDARD = "gnu++14";
				CLANG_CXX_LIBRARY = "libc++";
				CLANG_ENABLE_MODULES = YES;
				CLANG_ENABLE_OBJC_ARC = YES;
				CLANG_ENABLE_OBJC_WEAK = YES;
				CLANG_WARN_BLOCK_CAPTURE_AUTORELEASING = YES;
				CLANG_WARN_BOOL_CONVERSION = YES;
				CLANG_WARN_COMMA = YES;
				CLANG_WARN_CONSTANT_CONVERSION = YES;
				CLANG_WARN_DEPRECATED_OBJC_IMPLEMENTATIONS = YES;
				CLANG_WARN_DIRECT_OBJC_ISA_USAGE = YES_ERROR;
				CLANG_WARN_DOCUMENTATION_COMMENTS = YES;
				CLANG_WARN_EMPTY_BODY = YES;
				CLANG_WARN_ENUM_CONVERSION = YES;
				CLANG_WARN_INFINITE_RECURSION = YES;
				CLANG_WARN_INT_CONVERSION = YES;
				CLANG_WARN_NON_LITERAL_NULL_CONVERSION = YES;
				CLANG_WARN_OBJC_IMPLICIT_RETAIN_SELF = YES;
				CLANG_WARN_OBJC_LITERAL_CONVERSION = YES;
				CLANG_WARN_OBJC_ROOT_CLASS = YES_ERROR;
				CLANG_WARN_RANGE_LOOP_ANALYSIS = YES;
				CLANG_WARN_STRICT_PROTOTYPES = YES;
				CLANG_WARN_SUSPICIOUS_MOVE = YES;
				CLANG_WARN_UNGUARDED_AVAILABILITY = YES_AGGRESSIVE;
				CLANG_WARN_UNREACHABLE_CODE = YES;
				CLANG_WARN__DUPLICATE_METHOD_MATCH = YES;
				COPY_PHASE_STRIP = NO;
				DEBUG_INFORMATION_FORMAT = dwarf;
				ENABLE_STRICT_OBJC_MSGSEND = YES;
				ENABLE_TESTABILITY = YES;
				GCC_C_LANGUAGE_STANDARD = gnu11;
				GCC_DYNAMIC_NO_PIC = NO;
				GCC_NO_COMMON_BLOCKS = YES;
				GCC_OPTIMIZATION_LEVEL = 0;
				GCC_PREPROCESSOR_DEFINITIONS = (
					"DEBUG=1",
					"$(inherited)",
				);
				GCC_WARN_64_TO_32_BIT_CONVERSION = YES;
				GCC_WARN_ABOUT_RETURN_TYPE = YES_ERROR;
				GCC_WARN_UNDECLARED_SELECTOR = YES;
				GCC_WARN_UNINITIALIZED_AUTOS = YES_AGGRESSIVE;
				GCC_WARN_UNUSED_FUNCTION = YES;
				GCC_WARN_UNUSED_VARIABLE = YES;
				MTL_ENABLE_DEBUG_INFO = INCLUDE_SOURCE;
				MTL_FAST_MATH = YES;
				ONLY_ACTIVE_ARCH = YES;
				SDKROOT = appletvos;
				SWIFT_ACTIVE_COMPILATION_CONDITIONS = DEBUG;
				SWIFT_OPTIMIZATION_LEVEL = "-Onone";
				TVOS_DEPLOYMENT_TARGET = 12.1;
			};
			name = Debug;
		};
		CBF5BC4821B5D9B8005321E4 /* Release */ = {
			isa = XCBuildConfiguration;
			buildSettings = {
				ALWAYS_SEARCH_USER_PATHS = NO;
				CLANG_ANALYZER_NONNULL = YES;
				CLANG_ANALYZER_NUMBER_OBJECT_CONVERSION = YES_AGGRESSIVE;
				CLANG_CXX_LANGUAGE_STANDARD = "gnu++14";
				CLANG_CXX_LIBRARY = "libc++";
				CLANG_ENABLE_MODULES = YES;
				CLANG_ENABLE_OBJC_ARC = YES;
				CLANG_ENABLE_OBJC_WEAK = YES;
				CLANG_WARN_BLOCK_CAPTURE_AUTORELEASING = YES;
				CLANG_WARN_BOOL_CONVERSION = YES;
				CLANG_WARN_COMMA = YES;
				CLANG_WARN_CONSTANT_CONVERSION = YES;
				CLANG_WARN_DEPRECATED_OBJC_IMPLEMENTATIONS = YES;
				CLANG_WARN_DIRECT_OBJC_ISA_USAGE = YES_ERROR;
				CLANG_WARN_DOCUMENTATION_COMMENTS = YES;
				CLANG_WARN_EMPTY_BODY = YES;
				CLANG_WARN_ENUM_CONVERSION = YES;
				CLANG_WARN_INFINITE_RECURSION = YES;
				CLANG_WARN_INT_CONVERSION = YES;
				CLANG_WARN_NON_LITERAL_NULL_CONVERSION = YES;
				CLANG_WARN_OBJC_IMPLICIT_RETAIN_SELF = YES;
				CLANG_WARN_OBJC_LITERAL_CONVERSION = YES;
				CLANG_WARN_OBJC_ROOT_CLASS = YES_ERROR;
				CLANG_WARN_RANGE_LOOP_ANALYSIS = YES;
				CLANG_WARN_STRICT_PROTOTYPES = YES;
				CLANG_WARN_SUSPICIOUS_MOVE = YES;
				CLANG_WARN_UNGUARDED_AVAILABILITY = YES_AGGRESSIVE;
				CLANG_WARN_UNREACHABLE_CODE = YES;
				CLANG_WARN__DUPLICATE_METHOD_MATCH = YES;
				COPY_PHASE_STRIP = NO;
				DEBUG_INFORMATION_FORMAT = "dwarf-with-dsym";
				ENABLE_NS_ASSERTIONS = NO;
				ENABLE_STRICT_OBJC_MSGSEND = YES;
				GCC_C_LANGUAGE_STANDARD = gnu11;
				GCC_NO_COMMON_BLOCKS = YES;
				GCC_WARN_64_TO_32_BIT_CONVERSION = YES;
				GCC_WARN_ABOUT_RETURN_TYPE = YES_ERROR;
				GCC_WARN_UNDECLARED_SELECTOR = YES;
				GCC_WARN_UNINITIALIZED_AUTOS = YES_AGGRESSIVE;
				GCC_WARN_UNUSED_FUNCTION = YES;
				GCC_WARN_UNUSED_VARIABLE = YES;
				MTL_ENABLE_DEBUG_INFO = NO;
				MTL_FAST_MATH = YES;
				SDKROOT = appletvos;
				SWIFT_COMPILATION_MODE = wholemodule;
				SWIFT_OPTIMIZATION_LEVEL = "-O";
				TVOS_DEPLOYMENT_TARGET = 12.1;
				VALIDATE_PRODUCT = YES;
			};
			name = Release;
		};
		CBF5BC4A21B5D9B8005321E4 /* Debug */ = {
			isa = XCBuildConfiguration;
			baseConfigurationReference = 8E247E6DF5F36FB704983DF7 /* Pods-SmartDashboard.debug.xcconfig */;
			buildSettings = {
				ASSETCATALOG_COMPILER_APPICON_NAME = "App Icon & Top Shelf Image";
				ASSETCATALOG_COMPILER_LAUNCHIMAGE_NAME = LaunchImage;
				CODE_SIGN_STYLE = Automatic;
				DEVELOPMENT_TEAM = E5L7NC8M9T;
				INFOPLIST_FILE = SmartDashboard/Info.plist;
				LD_RUNPATH_SEARCH_PATHS = (
					"$(inherited)",
					"@executable_path/Frameworks",
				);
				PRODUCT_BUNDLE_IDENTIFIER = org.epimac.SmartDashboard;
				PRODUCT_NAME = "$(TARGET_NAME)";
				SWIFT_VERSION = 4.2;
				TARGETED_DEVICE_FAMILY = 3;
			};
			name = Debug;
		};
		CBF5BC4B21B5D9B8005321E4 /* Release */ = {
			isa = XCBuildConfiguration;
			baseConfigurationReference = 59D32E5DC1A7CF5E63CEAE19 /* Pods-SmartDashboard.release.xcconfig */;
			buildSettings = {
				ASSETCATALOG_COMPILER_APPICON_NAME = "App Icon & Top Shelf Image";
				ASSETCATALOG_COMPILER_LAUNCHIMAGE_NAME = LaunchImage;
				CODE_SIGN_STYLE = Automatic;
				DEVELOPMENT_TEAM = E5L7NC8M9T;
				INFOPLIST_FILE = SmartDashboard/Info.plist;
				LD_RUNPATH_SEARCH_PATHS = (
					"$(inherited)",
					"@executable_path/Frameworks",
				);
				PRODUCT_BUNDLE_IDENTIFIER = org.epimac.SmartDashboard;
				PRODUCT_NAME = "$(TARGET_NAME)";
				SWIFT_VERSION = 4.2;
				TARGETED_DEVICE_FAMILY = 3;
			};
			name = Release;
		};
/* End XCBuildConfiguration section */

/* Begin XCConfigurationList section */
		CBF5BC3521B5D9B5005321E4 /* Build configuration list for PBXProject "SmartDashboard" */ = {
			isa = XCConfigurationList;
			buildConfigurations = (
				CBF5BC4721B5D9B8005321E4 /* Debug */,
				CBF5BC4821B5D9B8005321E4 /* Release */,
			);
			defaultConfigurationIsVisible = 0;
			defaultConfigurationName = Release;
		};
		CBF5BC4921B5D9B8005321E4 /* Build configuration list for PBXNativeTarget "SmartDashboard" */ = {
			isa = XCConfigurationList;
			buildConfigurations = (
				CBF5BC4A21B5D9B8005321E4 /* Debug */,
				CBF5BC4B21B5D9B8005321E4 /* Release */,
			);
			defaultConfigurationIsVisible = 0;
			defaultConfigurationName = Release;
		};
/* End XCConfigurationList section */
	};
	rootObject = CBF5BC3221B5D9B5005321E4 /* Project object */;
}
